
Microsoft Visual Studio Solution File, Format Version 12.00
# Visual Studio 2013
VisualStudioVersion = 12.0.40302.0
MinimumVisualStudioVersion = 10.0.40219.1
Project("{FAE04EC0-301F-11D3-BF4B-00C04F79EFBC}") = "CommonProvider.Castle", "CommonProvider.Castle\CommonProvider.Castle.csproj", "{B03991AB-24DB-4802-BD03-E7D581D4AE20}"
EndProject
Project("{FAE04EC0-301F-11D3-BF4B-00C04F79EFBC}") = "CommonProvider.Castle.Example", "CommonProvider.Castle.Example\CommonProvider.Castle.Example.csproj", "{8C7D0B93-356F-48DF-A2C6-282ECA65170B}"
EndProject
Global
	GlobalSection(SolutionConfigurationPlatforms) = preSolution
		Debug|Any CPU = Debug|Any CPU
		Release|Any CPU = Release|Any CPU
	EndGlobalSection
	GlobalSection(ProjectConfigurationPlatforms) = postSolution
		{B03991AB-24DB-4802-BD03-E7D581D4AE20}.Debug|Any CPU.ActiveCfg = Debug|Any CPU
		{B03991AB-24DB-4802-BD03-E7D581D4AE20}.Debug|Any CPU.Build.0 = Debug|Any CPU
		{B03991AB-24DB-4802-BD03-E7D581D4AE20}.Release|Any CPU.ActiveCfg = Release|Any CPU
		{B03991AB-24DB-4802-BD03-E7D581D4AE20}.Release|Any CPU.Build.0 = Release|Any CPU
		{8C7D0B93-356F-48DF-A2C6-282ECA65170B}.Debug|Any CPU.ActiveCfg = Debug|Any CPU
		{8C7D0B93-356F-48DF-A2C6-282ECA65170B}.Debug|Any CPU.Build.0 = Debug|Any CPU
		{8C7D0B93-356F-48DF-A2C6-282ECA65170B}.Release|Any CPU.ActiveCfg = Release|Any CPU
		{8C7D0B93-356F-48DF-A2C6-282ECA65170B}.Release|Any CPU.Build.0 = Release|Any CPU
	EndGlobalSection
	GlobalSection(SolutionProperties) = preSolution
		HideSolutionNode = FALSE
	EndGlobalSection
EndGlobal
